# This file is automatically @generated by Cargo.
# It is not intended for manual editing.
version = 4

[[package]]
name = "amico-agent"
version = "0.1.0"

[[package]]
name = "amico-cli"
version = "0.1.0"

[[package]]
name = "amico-core"
version = "0.1.0"

[[package]]
name = "amico-plugin-corepack"
version = "0.1.0"

[[package]]
name = "amico-plugin-interface"
version = "0.1.0"
